{
  "nodes": {
    "acmsl-licdata-domain": {
      "inputs": {
        "acmsl-licdata-events": [
          "acmsl-licdata-events"
        ],
        "flake-utils": [
          "flake-utils"
        ],
        "nixos": [
          "nixos"
        ],
        "pythoneda-shared-pythonlang-banner": [
          "pythoneda-shared-pythonlang-banner"
        ],
        "pythoneda-shared-pythonlang-domain": [
          "pythoneda-shared-pythonlang-domain"
        ]
      },
      "locked": {
        "lastModified": 1732479342,
        "narHash": "sha256-EZScRIq8UoMUNkiIPlPRbDG20idd7ew4qWEZzPMnUb4=",
        "owner": "acmsl-def",
        "repo": "licdata-domain",
        "rev": "ce94ad6b6eb5d4fc54d280df83805a9b1e92b7d4",
        "type": "github"
      },
      "original": {
        "owner": "acmsl-def",
        "ref": "0.0.1",
        "repo": "licdata-domain",
        "type": "github"
      }
    },
    "acmsl-licdata-events": {
      "inputs": {
        "flake-utils": [
          "flake-utils"
        ],
        "nixos": [
          "nixos"
        ],
        "pythoneda-shared-pythonlang-banner": [
          "pythoneda-shared-pythonlang-banner"
        ],
        "pythoneda-shared-pythonlang-domain": [
          "pythoneda-shared-pythonlang-domain"
        ]
      },
      "locked": {
        "lastModified": 1732478445,
        "narHash": "sha256-AkMTd+teJU9lCv8Fz6fn9ezbkuHWYgUTt3cgFiz8pOQ=",
        "owner": "acmsl-def",
        "repo": "licdata-events",
        "rev": "a762ec9eda945130e0d43b01b90155601582b854",
        "type": "github"
      },
      "original": {
        "owner": "acmsl-def",
        "ref": "0.0.1",
        "repo": "licdata-events",
        "type": "github"
      }
    },
    "flake-utils": {
      "locked": {
        "lastModified": 1652776076,
        "narHash": "sha256-gzTw/v1vj4dOVbpBSJX4J0DwUR6LIyXo7/SuuTJp1kM=",
        "owner": "numtide",
        "repo": "flake-utils",
        "rev": "04c1b180862888302ddfb2e3ad9eaa63afc60cf8",
        "type": "github"
      },
      "original": {
        "owner": "numtide",
        "ref": "v1.0.0",
        "repo": "flake-utils",
        "type": "github"
      }
    },
    "nixos": {
      "locked": {
        "lastModified": 1717179513,
        "narHash": "sha256-vboIEwIQojofItm2xGCdZCzW96U85l9nDW3ifMuAIdM=",
        "owner": "NixOS",
        "repo": "nixpkgs",
        "rev": "63dacb46bf939521bdc93981b4cbb7ecb58427a0",
        "type": "github"
      },
      "original": {
        "owner": "NixOS",
        "ref": "24.05",
        "repo": "nixpkgs",
        "type": "github"
      }
    },
    "pythoneda-shared-pythonlang-banner": {
      "inputs": {
        "flake-utils": [
          "flake-utils"
        ],
        "nixos": [
          "nixos"
        ]
      },
      "locked": {
        "lastModified": 1732348001,
        "narHash": "sha256-KWtaUyJ+DPNhyJvjF4rESakYu5y1AIlb26MRcGa6REU=",
        "owner": "pythoneda-shared-pythonlang-def",
        "repo": "banner",
        "rev": "7c5b4e080a63d3ac1749aebe1372ed7c89f92415",
        "type": "github"
      },
      "original": {
        "owner": "pythoneda-shared-pythonlang-def",
        "ref": "0.0.69",
        "repo": "banner",
        "type": "github"
      }
    },
    "pythoneda-shared-pythonlang-domain": {
      "inputs": {
        "flake-utils": [
          "flake-utils"
        ],
        "nixos": [
          "nixos"
        ],
        "pythoneda-shared-pythonlang-banner": [
          "pythoneda-shared-pythonlang-banner"
        ]
      },
      "locked": {
        "lastModified": 1732348057,
        "narHash": "sha256-D6vrELGNfgTdWWJ1h4roOwV31RQNSoghqnd809B9q0Y=",
        "owner": "pythoneda-shared-pythonlang-def",
        "repo": "domain",
        "rev": "1cf8aabcbd932090e3bf3b224c4a2649ddf4730e",
        "type": "github"
      },
      "original": {
        "owner": "pythoneda-shared-pythonlang-def",
        "ref": "0.0.84",
        "repo": "domain",
        "type": "github"
      }
    },
    "root": {
      "inputs": {
        "acmsl-licdata-domain": "acmsl-licdata-domain",
        "acmsl-licdata-events": "acmsl-licdata-events",
        "flake-utils": "flake-utils",
        "nixos": "nixos",
        "pythoneda-shared-pythonlang-banner": "pythoneda-shared-pythonlang-banner",
        "pythoneda-shared-pythonlang-domain": "pythoneda-shared-pythonlang-domain"
      }
    }
  },
  "root": "root",
  "version": 7
}
