{
  "nodes": {
    "acmsl-licdata-domain": {
      "inputs": {
        "acmsl-licdata-events": [
          "acmsl-licdata-events"
        ],
        "flake-utils": [
          "flake-utils"
        ],
        "nixpkgs": [
          "nixpkgs"
        ],
        "pythoneda-shared-pythonlang-banner": [
          "pythoneda-shared-pythonlang-banner"
        ],
        "pythoneda-shared-pythonlang-domain": [
          "pythoneda-shared-pythonlang-domain"
        ]
      },
      "locked": {
        "lastModified": 1734093821,
        "narHash": "sha256-URgYpWUlko6mJK+4rNbfTxDZmEbAodnzJXY4hSB9Ebs=",
        "owner": "acmsl-def",
        "repo": "licdata-domain",
        "rev": "3e2a9b20b8e1a31a85d45f4d5b8304094b81c5f3",
        "type": "github"
      },
      "original": {
        "owner": "acmsl-def",
        "ref": "0.0.16",
        "repo": "licdata-domain",
        "type": "github"
      }
    },
    "acmsl-licdata-events": {
      "inputs": {
        "flake-utils": [
          "flake-utils"
        ],
        "nixpkgs": [
          "nixpkgs"
        ],
        "pythoneda-shared-pythonlang-banner": [
          "pythoneda-shared-pythonlang-banner"
        ],
        "pythoneda-shared-pythonlang-domain": [
          "pythoneda-shared-pythonlang-domain"
        ]
      },
      "locked": {
        "lastModified": 1734093678,
        "narHash": "sha256-xOvb0Ux6Kh9Hg2HZa+NxNA4h7SbA5YS5uPnoSPa0yc0=",
        "owner": "acmsl-def",
        "repo": "licdata-events",
        "rev": "0a120b4ecb234071c4c378dfc2c16e12cb247a8a",
        "type": "github"
      },
      "original": {
        "owner": "acmsl-def",
        "ref": "0.0.17",
        "repo": "licdata-events",
        "type": "github"
      }
    },
    "acmsl-licdata-events-infrastructure": {
      "inputs": {
        "acmsl-licdata-events": "acmsl-licdata-events_2",
        "flake-utils": [
          "flake-utils"
        ],
        "nixpkgs": [
          "nixpkgs"
        ],
        "pythoneda-shared-pythonlang-banner": [
          "pythoneda-shared-pythonlang-banner"
        ],
        "pythoneda-shared-pythonlang-domain": [
          "pythoneda-shared-pythonlang-domain"
        ],
        "pythoneda-shared-pythonlang-infrastructure": "pythoneda-shared-pythonlang-infrastructure"
      },
      "locked": {
        "lastModified": 1734093753,
        "narHash": "sha256-PbMK4L1Hv4bSlLTh1WOHgQmceoxGW89msePpX43Sq4Q=",
        "owner": "acmsl-def",
        "repo": "licdata-events-infrastructure",
        "rev": "05b9f043f936b628a01f0aa45d9f789713398369",
        "type": "github"
      },
      "original": {
        "owner": "acmsl-def",
        "ref": "0.0.6",
        "repo": "licdata-events-infrastructure",
        "type": "github"
      }
    },
    "acmsl-licdata-events_2": {
      "inputs": {
        "flake-utils": [
          "acmsl-licdata-events-infrastructure",
          "flake-utils"
        ],
        "nixpkgs": [
          "acmsl-licdata-events-infrastructure",
          "nixpkgs"
        ],
        "pythoneda-shared-pythonlang-banner": [
          "acmsl-licdata-events-infrastructure",
          "pythoneda-shared-pythonlang-banner"
        ],
        "pythoneda-shared-pythonlang-domain": [
          "acmsl-licdata-events-infrastructure",
          "pythoneda-shared-pythonlang-domain"
        ]
      },
      "locked": {
        "lastModified": 1734093678,
        "narHash": "sha256-xOvb0Ux6Kh9Hg2HZa+NxNA4h7SbA5YS5uPnoSPa0yc0=",
        "owner": "acmsl-def",
        "repo": "licdata-events",
        "rev": "0a120b4ecb234071c4c378dfc2c16e12cb247a8a",
        "type": "github"
      },
      "original": {
        "owner": "acmsl-def",
        "ref": "0.0.17",
        "repo": "licdata-events",
        "type": "github"
      }
    },
    "esdbclient": {
      "inputs": {
        "flake-utils": [
          "acmsl-licdata-events-infrastructure",
          "pythoneda-shared-pythonlang-infrastructure",
          "flake-utils"
        ],
        "nixpkgs": [
          "acmsl-licdata-events-infrastructure",
          "pythoneda-shared-pythonlang-infrastructure",
          "nixpkgs"
        ]
      },
      "locked": {
        "dir": "esdbclient",
        "lastModified": 1733507692,
        "narHash": "sha256-IBPBdUFCp/HAlg/LMHlf5yW9SILoyEota9r14C1983w=",
        "owner": "rydnr",
        "repo": "nix-flakes",
        "rev": "d810b75bee44f2049a1769d99493636d7e631632",
        "type": "github"
      },
      "original": {
        "dir": "esdbclient",
        "owner": "rydnr",
        "ref": "esdbclient-1.1.3.1",
        "repo": "nix-flakes",
        "type": "github"
      }
    },
    "flake-utils": {
      "locked": {
        "lastModified": 1652776076,
        "narHash": "sha256-gzTw/v1vj4dOVbpBSJX4J0DwUR6LIyXo7/SuuTJp1kM=",
        "owner": "numtide",
        "repo": "flake-utils",
        "rev": "04c1b180862888302ddfb2e3ad9eaa63afc60cf8",
        "type": "github"
      },
      "original": {
        "owner": "numtide",
        "ref": "v1.0.0",
        "repo": "flake-utils",
        "type": "github"
      }
    },
    "nixpkgs": {
      "locked": {
        "lastModified": 1717179513,
        "narHash": "sha256-vboIEwIQojofItm2xGCdZCzW96U85l9nDW3ifMuAIdM=",
        "owner": "NixOS",
        "repo": "nixpkgs",
        "rev": "63dacb46bf939521bdc93981b4cbb7ecb58427a0",
        "type": "github"
      },
      "original": {
        "owner": "NixOS",
        "ref": "24.05",
        "repo": "nixpkgs",
        "type": "github"
      }
    },
    "pythoneda-shared-pythonlang-banner": {
      "inputs": {
        "flake-utils": [
          "flake-utils"
        ],
        "nixpkgs": [
          "nixpkgs"
        ]
      },
      "locked": {
        "lastModified": 1733921954,
        "narHash": "sha256-8bXCVSjpGD+1Zpfqjmie6JKnz7eH5vALIXKoa9n0OyI=",
        "owner": "pythoneda-shared-pythonlang-def",
        "repo": "banner",
        "rev": "d6f65312ef3f7a8a3315aca7c0f3cc99783a5b20",
        "type": "github"
      },
      "original": {
        "owner": "pythoneda-shared-pythonlang-def",
        "ref": "0.0.74",
        "repo": "banner",
        "type": "github"
      }
    },
    "pythoneda-shared-pythonlang-domain": {
      "inputs": {
        "flake-utils": [
          "flake-utils"
        ],
        "nixpkgs": [
          "nixpkgs"
        ],
        "pythoneda-shared-pythonlang-banner": [
          "pythoneda-shared-pythonlang-banner"
        ]
      },
      "locked": {
        "lastModified": 1733944446,
        "narHash": "sha256-/n/RUU5rwv3eSbxvApAfpRhwkeamDOxDvEyoeTFDeNM=",
        "owner": "pythoneda-shared-pythonlang-def",
        "repo": "domain",
        "rev": "f7354a59e99dcd7e5fa6bda3950e8daa80906445",
        "type": "github"
      },
      "original": {
        "owner": "pythoneda-shared-pythonlang-def",
        "ref": "0.0.103",
        "repo": "domain",
        "type": "github"
      }
    },
    "pythoneda-shared-pythonlang-infrastructure": {
      "inputs": {
        "esdbclient": "esdbclient",
        "flake-utils": [
          "acmsl-licdata-events-infrastructure",
          "flake-utils"
        ],
        "nixpkgs": [
          "acmsl-licdata-events-infrastructure",
          "nixpkgs"
        ],
        "pythoneda-shared-pythonlang-banner": [
          "acmsl-licdata-events-infrastructure",
          "pythoneda-shared-pythonlang-banner"
        ],
        "pythoneda-shared-pythonlang-domain": [
          "acmsl-licdata-events-infrastructure",
          "pythoneda-shared-pythonlang-domain"
        ]
      },
      "locked": {
        "lastModified": 1734085262,
        "narHash": "sha256-w8HjeRY1SsWG3Dtf2Pw1j0LIZvzb64oqJzHTzEm8Amk=",
        "owner": "pythoneda-shared-pythonlang-def",
        "repo": "infrastructure",
        "rev": "9028a379f29b6a301832b4950d0e52d603dbb4e4",
        "type": "github"
      },
      "original": {
        "owner": "pythoneda-shared-pythonlang-def",
        "ref": "0.0.79",
        "repo": "infrastructure",
        "type": "github"
      }
    },
    "root": {
      "inputs": {
        "acmsl-licdata-domain": "acmsl-licdata-domain",
        "acmsl-licdata-events": "acmsl-licdata-events",
        "acmsl-licdata-events-infrastructure": "acmsl-licdata-events-infrastructure",
        "flake-utils": "flake-utils",
        "nixpkgs": "nixpkgs",
        "pythoneda-shared-pythonlang-banner": "pythoneda-shared-pythonlang-banner",
        "pythoneda-shared-pythonlang-domain": "pythoneda-shared-pythonlang-domain"
      }
    }
  },
  "root": "root",
  "version": 7
}
