{
  "nodes": {
    "acmsl-licdata-domain": {
      "inputs": {
        "acmsl-licdata-events": [
          "acmsl-licdata-events"
        ],
        "flake-utils": [
          "flake-utils"
        ],
        "nixpkgs": [
          "nixpkgs"
        ],
        "pythoneda-shared-pythonlang-banner": [
          "pythoneda-shared-pythonlang-banner"
        ],
        "pythoneda-shared-pythonlang-domain": [
          "pythoneda-shared-pythonlang-domain"
        ]
      },
      "locked": {
        "lastModified": 1735757028,
        "narHash": "sha256-cFQFZSxtAkJdYtYHYUyyibwZyAcLwyEzMGEHd7L+ZLc=",
        "owner": "acmsl-def",
        "repo": "licdata-domain",
        "rev": "01065cebc5fefb6a03b0fa9ed6d01df5d12f783c",
        "type": "github"
      },
      "original": {
        "owner": "acmsl-def",
        "ref": "0.0.19",
        "repo": "licdata-domain",
        "type": "github"
      }
    },
    "acmsl-licdata-events": {
      "inputs": {
        "flake-utils": [
          "flake-utils"
        ],
        "nixpkgs": [
          "nixpkgs"
        ],
        "pythoneda-shared-pythonlang-banner": [
          "pythoneda-shared-pythonlang-banner"
        ],
        "pythoneda-shared-pythonlang-domain": [
          "pythoneda-shared-pythonlang-domain"
        ]
      },
      "locked": {
        "lastModified": 1735756868,
        "narHash": "sha256-TXEqozhpIioL/tE5P/7V8vAzNVcTxJoXnc5ScDn2v4A=",
        "owner": "acmsl-def",
        "repo": "licdata-events",
        "rev": "649044447685f3f06936cebad37f901d1ea0bb27",
        "type": "github"
      },
      "original": {
        "owner": "acmsl-def",
        "ref": "0.0.20",
        "repo": "licdata-events",
        "type": "github"
      }
    },
    "acmsl-licdata-events-infrastructure": {
      "inputs": {
        "acmsl-licdata-events": "acmsl-licdata-events_2",
        "flake-utils": [
          "flake-utils"
        ],
        "nixpkgs": [
          "nixpkgs"
        ],
        "pythoneda-shared-pythonlang-banner": [
          "pythoneda-shared-pythonlang-banner"
        ],
        "pythoneda-shared-pythonlang-domain": [
          "pythoneda-shared-pythonlang-domain"
        ],
        "pythoneda-shared-pythonlang-infrastructure": "pythoneda-shared-pythonlang-infrastructure"
      },
      "locked": {
        "lastModified": 1735756952,
        "narHash": "sha256-8u5eBODtIBXNZ32lUV0A3e5s8Gk1ajUWRizlRm/k820=",
        "owner": "acmsl-def",
        "repo": "licdata-events-infrastructure",
        "rev": "d2d2f26bf010a3d19ff84aeec48b5b056e125a1a",
        "type": "github"
      },
      "original": {
        "owner": "acmsl-def",
        "ref": "0.0.9",
        "repo": "licdata-events-infrastructure",
        "type": "github"
      }
    },
    "acmsl-licdata-events_2": {
      "inputs": {
        "flake-utils": [
          "acmsl-licdata-events-infrastructure",
          "flake-utils"
        ],
        "nixpkgs": [
          "acmsl-licdata-events-infrastructure",
          "nixpkgs"
        ],
        "pythoneda-shared-pythonlang-banner": [
          "acmsl-licdata-events-infrastructure",
          "pythoneda-shared-pythonlang-banner"
        ],
        "pythoneda-shared-pythonlang-domain": [
          "acmsl-licdata-events-infrastructure",
          "pythoneda-shared-pythonlang-domain"
        ]
      },
      "locked": {
        "lastModified": 1735756868,
        "narHash": "sha256-TXEqozhpIioL/tE5P/7V8vAzNVcTxJoXnc5ScDn2v4A=",
        "owner": "acmsl-def",
        "repo": "licdata-events",
        "rev": "649044447685f3f06936cebad37f901d1ea0bb27",
        "type": "github"
      },
      "original": {
        "owner": "acmsl-def",
        "ref": "0.0.20",
        "repo": "licdata-events",
        "type": "github"
      }
    },
    "esdbclient": {
      "inputs": {
        "flake-utils": [
          "acmsl-licdata-events-infrastructure",
          "pythoneda-shared-pythonlang-infrastructure",
          "flake-utils"
        ],
        "nixpkgs": [
          "acmsl-licdata-events-infrastructure",
          "pythoneda-shared-pythonlang-infrastructure",
          "nixpkgs"
        ]
      },
      "locked": {
        "dir": "esdbclient",
        "lastModified": 1733507692,
        "narHash": "sha256-IBPBdUFCp/HAlg/LMHlf5yW9SILoyEota9r14C1983w=",
        "owner": "rydnr",
        "repo": "nix-flakes",
        "rev": "d810b75bee44f2049a1769d99493636d7e631632",
        "type": "github"
      },
      "original": {
        "dir": "esdbclient",
        "owner": "rydnr",
        "ref": "esdbclient-1.1.3.1",
        "repo": "nix-flakes",
        "type": "github"
      }
    },
    "flake-utils": {
      "locked": {
        "lastModified": 1652776076,
        "narHash": "sha256-gzTw/v1vj4dOVbpBSJX4J0DwUR6LIyXo7/SuuTJp1kM=",
        "owner": "numtide",
        "repo": "flake-utils",
        "rev": "04c1b180862888302ddfb2e3ad9eaa63afc60cf8",
        "type": "github"
      },
      "original": {
        "owner": "numtide",
        "ref": "v1.0.0",
        "repo": "flake-utils",
        "type": "github"
      }
    },
    "nixpkgs": {
      "locked": {
        "lastModified": 1717179513,
        "narHash": "sha256-vboIEwIQojofItm2xGCdZCzW96U85l9nDW3ifMuAIdM=",
        "owner": "NixOS",
        "repo": "nixpkgs",
        "rev": "63dacb46bf939521bdc93981b4cbb7ecb58427a0",
        "type": "github"
      },
      "original": {
        "owner": "NixOS",
        "ref": "24.05",
        "repo": "nixpkgs",
        "type": "github"
      }
    },
    "pythoneda-shared-pythonlang-banner": {
      "inputs": {
        "flake-utils": [
          "flake-utils"
        ],
        "nixpkgs": [
          "nixpkgs"
        ]
      },
      "locked": {
        "lastModified": 1733921954,
        "narHash": "sha256-8bXCVSjpGD+1Zpfqjmie6JKnz7eH5vALIXKoa9n0OyI=",
        "owner": "pythoneda-shared-pythonlang-def",
        "repo": "banner",
        "rev": "d6f65312ef3f7a8a3315aca7c0f3cc99783a5b20",
        "type": "github"
      },
      "original": {
        "owner": "pythoneda-shared-pythonlang-def",
        "ref": "0.0.74",
        "repo": "banner",
        "type": "github"
      }
    },
    "pythoneda-shared-pythonlang-domain": {
      "inputs": {
        "flake-utils": [
          "flake-utils"
        ],
        "nixpkgs": [
          "nixpkgs"
        ],
        "pythoneda-shared-pythonlang-banner": [
          "pythoneda-shared-pythonlang-banner"
        ]
      },
      "locked": {
        "lastModified": 1735637228,
        "narHash": "sha256-jRpZzZe13K+MF8O7kdiLzUd0Re7id/wq3fsRC1tnVKI=",
        "owner": "pythoneda-shared-pythonlang-def",
        "repo": "domain",
        "rev": "620609c96549dc059d4089b4fb7788819094007b",
        "type": "github"
      },
      "original": {
        "owner": "pythoneda-shared-pythonlang-def",
        "ref": "0.0.109",
        "repo": "domain",
        "type": "github"
      }
    },
    "pythoneda-shared-pythonlang-infrastructure": {
      "inputs": {
        "esdbclient": "esdbclient",
        "flake-utils": [
          "acmsl-licdata-events-infrastructure",
          "flake-utils"
        ],
        "nixpkgs": [
          "acmsl-licdata-events-infrastructure",
          "nixpkgs"
        ],
        "pythoneda-shared-pythonlang-banner": [
          "acmsl-licdata-events-infrastructure",
          "pythoneda-shared-pythonlang-banner"
        ],
        "pythoneda-shared-pythonlang-domain": [
          "acmsl-licdata-events-infrastructure",
          "pythoneda-shared-pythonlang-domain"
        ]
      },
      "locked": {
        "lastModified": 1735637296,
        "narHash": "sha256-twf/3NiVPj3ctk2amhH7ItbC/b6DUSUIxDOX52X1KGQ=",
        "owner": "pythoneda-shared-pythonlang-def",
        "repo": "infrastructure",
        "rev": "e675f00f5cd18a58d062245e75f04fdbf443b6ee",
        "type": "github"
      },
      "original": {
        "owner": "pythoneda-shared-pythonlang-def",
        "ref": "0.0.84",
        "repo": "infrastructure",
        "type": "github"
      }
    },
    "root": {
      "inputs": {
        "acmsl-licdata-domain": "acmsl-licdata-domain",
        "acmsl-licdata-events": "acmsl-licdata-events",
        "acmsl-licdata-events-infrastructure": "acmsl-licdata-events-infrastructure",
        "flake-utils": "flake-utils",
        "nixpkgs": "nixpkgs",
        "pythoneda-shared-pythonlang-banner": "pythoneda-shared-pythonlang-banner",
        "pythoneda-shared-pythonlang-domain": "pythoneda-shared-pythonlang-domain"
      }
    }
  },
  "root": "root",
  "version": 7
}
